<?xml version="1.0" encoding="utf-8"?>
<Project ToolsVersion="4.0" xmlns="http://schemas.microsoft.com/developer/msbuild/2003">
  <ItemGroup>
    <Filter Include="Fichiers sources">
      <UniqueIdentifier>{4FC737F1-C7A5-4376-A066-2A32D752A2FF}</UniqueIdentifier>
      <Extensions>cpp;c;cc;cxx;c++;cppm;ixx;def;odl;idl;hpj;bat;asm;asmx</Extensions>
    </Filter>
    <Filter Include="Fichiers d%27en-tête">
      <UniqueIdentifier>{93995380-89BD-4b04-88EB-625FBE52EBFB}</UniqueIdentifier>
      <Extensions>h;hh;hpp;hxx;h++;hm;inl;inc;ipp;xsd</Extensions>
    </Filter>
    <Filter Include="Fichiers de ressources">
      <UniqueIdentifier>{67DA6AB6-F800-4c08-8B7A-83BB121AAD01}</UniqueIdentifier>
      <Extensions>rc;ico;cur;bmp;dlg;rc2;rct;bin;rgs;gif;jpg;jpeg;jpe;resx;tiff;tif;png;wav;mfcribbon-ms</Extensions>
    </Filter>
    <Filter Include="External">
      <UniqueIdentifier>{c5bd6572-2fa6-422f-8e02-5d66bba7e706}</UniqueIdentifier>
    </Filter>
    <Filter Include="External\imgui">
      <UniqueIdentifier>{5ea01d66-cfcc-4f5d-baa4-2ac089140b51}</UniqueIdentifier>
    </Filter>
    <Filter Include="External\cglm">
      <UniqueIdentifier>{0eab49c8-61a8-4c01-beda-3e32b61eda11}</UniqueIdentifier>
    </Filter>
    <Filter Include="External\cglm\call">
      <UniqueIdentifier>{a5c3a521-312f-4141-9ce3-6aa6d6b71860}</UniqueIdentifier>
    </Filter>
    <Filter Include="External\cglm\call\clipspace">
      <UniqueIdentifier>{bb7f167f-d7a5-4923-be35-0a1c784cba24}</UniqueIdentifier>
    </Filter>
    <Filter Include="External\cglm\clipspace">
      <UniqueIdentifier>{a9ae39b3-6ac8-4273-8119-b40886aa4acb}</UniqueIdentifier>
    </Filter>
    <Filter Include="External\cglm\simd">
      <UniqueIdentifier>{f439ef1b-7cde-4fb7-857a-6ce7858b47a2}</UniqueIdentifier>
    </Filter>
    <Filter Include="External\cglm\simd\avx">
      <UniqueIdentifier>{9f0a5820-db8f-4386-bda8-4fc9c2b9ab32}</UniqueIdentifier>
    </Filter>
    <Filter Include="External\cglm\simd\neon">
      <UniqueIdentifier>{97fcc357-a6bd-439e-bf02-3972867a14a5}</UniqueIdentifier>
    </Filter>
    <Filter Include="External\cglm\simd\sse2">
      <UniqueIdentifier>{6536abdc-2719-4fd7-bad0-09ff080ad786}</UniqueIdentifier>
    </Filter>
    <Filter Include="External\cglm\struct">
      <UniqueIdentifier>{9e588ffb-c515-4db2-a174-2dd661da9b80}</UniqueIdentifier>
    </Filter>
    <Filter Include="External\cglm\struct\clipspace">
      <UniqueIdentifier>{566a7b7a-11eb-4ae6-beef-ac5b5da88dbb}</UniqueIdentifier>
    </Filter>
  </ItemGroup>
  <ItemGroup>
    <ClInclude Include="Log.hpp">
      <Filter>Fichiers d%27en-tête</Filter>
    </ClInclude>
    <ClInclude Include="Platform.hpp">
      <Filter>Fichiers d%27en-tête</Filter>
    </ClInclude>
    <ClInclude Include="Service.hpp">
      <Filter>Fichiers d%27en-tête</Filter>
    </ClInclude>
    <ClInclude Include="WindowsDeclarations.hpp">
      <Filter>Fichiers d%27en-tête</Filter>
    </ClInclude>
    <ClInclude Include="Assert.hpp">
      <Filter>Fichiers d%27en-tête</Filter>
    </ClInclude>
    <ClInclude Include="String.hpp">
      <Filter>Fichiers d%27en-tête</Filter>
    </ClInclude>
    <ClInclude Include="Memory.hpp">
      <Filter>Fichiers d%27en-tête</Filter>
    </ClInclude>
    <ClInclude Include="Bit.hpp">
      <Filter>Fichiers d%27en-tête</Filter>
    </ClInclude>
    <ClInclude Include="HashMap.hpp">
      <Filter>Fichiers d%27en-tête</Filter>
    </ClInclude>
    <ClInclude Include="..\external\tlsf.h">
      <Filter>External</Filter>
    </ClInclude>
    <ClInclude Include="..\external\imgui\imconfig.h">
      <Filter>External\imgui</Filter>
    </ClInclude>
    <ClInclude Include="..\external\imgui\imgui.h">
      <Filter>External\imgui</Filter>
    </ClInclude>
    <ClInclude Include="..\external\imgui\imgui_impl_sdl.h">
      <Filter>External\imgui</Filter>
    </ClInclude>
    <ClInclude Include="..\external\imgui\imgui_internal.h">
      <Filter>External\imgui</Filter>
    </ClInclude>
    <ClInclude Include="..\external\imgui\imgui_memory_editor.h">
      <Filter>External\imgui</Filter>
    </ClInclude>
    <ClInclude Include="..\external\imgui\imstb_rectpack.h">
      <Filter>External\imgui</Filter>
    </ClInclude>
    <ClInclude Include="..\external\imgui\imstb_textedit.h">
      <Filter>External\imgui</Filter>
    </ClInclude>
    <ClInclude Include="..\external\imgui\imstb_truetype.h">
      <Filter>External\imgui</Filter>
    </ClInclude>
    <ClInclude Include="..\external\imgui\stb_image.h">
      <Filter>External\imgui</Filter>
    </ClInclude>
    <ClInclude Include="..\external\imgui\TextEditor.h">
      <Filter>External\imgui</Filter>
    </ClInclude>
    <ClInclude Include="..\external\wyhash.h">
      <Filter>External</Filter>
    </ClInclude>
    <ClInclude Include="Array.hpp">
      <Filter>Fichiers d%27en-tête</Filter>
    </ClInclude>
    <ClInclude Include="RelativeDataStructure.hpp">
      <Filter>Fichiers d%27en-tête</Filter>
    </ClInclude>
    <ClInclude Include="Blob.hpp">
      <Filter>Fichiers d%27en-tête</Filter>
    </ClInclude>
    <ClInclude Include="BlobSerialization.hpp">
      <Filter>Fichiers d%27en-tête</Filter>
    </ClInclude>
    <ClInclude Include="DataStructures.hpp">
      <Filter>Fichiers d%27en-tête</Filter>
    </ClInclude>
    <ClInclude Include="Numerics.hpp">
      <Filter>Fichiers d%27en-tête</Filter>
    </ClInclude>
    <ClInclude Include="Camera.hpp">
      <Filter>Fichiers d%27en-tête</Filter>
    </ClInclude>
    <ClInclude Include="..\external\cglm\affine.h">
      <Filter>External\cglm</Filter>
    </ClInclude>
    <ClInclude Include="..\external\cglm\affine2d.h">
      <Filter>External\cglm</Filter>
    </ClInclude>
    <ClInclude Include="..\external\cglm\affine-mat.h">
      <Filter>External\cglm</Filter>
    </ClInclude>
    <ClInclude Include="..\external\cglm\applesimd.h">
      <Filter>External\cglm</Filter>
    </ClInclude>
    <ClInclude Include="..\external\cglm\bezier.h">
      <Filter>External\cglm</Filter>
    </ClInclude>
    <ClInclude Include="..\external\cglm\box.h">
      <Filter>External\cglm</Filter>
    </ClInclude>
    <ClInclude Include="..\external\cglm\call.h">
      <Filter>External\cglm</Filter>
    </ClInclude>
    <ClInclude Include="..\external\cglm\cam.h">
      <Filter>External\cglm</Filter>
    </ClInclude>
    <ClInclude Include="..\external\cglm\cglm.h">
      <Filter>External\cglm</Filter>
    </ClInclude>
    <ClInclude Include="..\external\cglm\color.h">
      <Filter>External\cglm</Filter>
    </ClInclude>
    <ClInclude Include="..\external\cglm\common.h">
      <Filter>External\cglm</Filter>
    </ClInclude>
    <ClInclude Include="..\external\cglm\curve.h">
      <Filter>External\cglm</Filter>
    </ClInclude>
    <ClInclude Include="..\external\cglm\ease.h">
      <Filter>External\cglm</Filter>
    </ClInclude>
    <ClInclude Include="..\external\cglm\euler.h">
      <Filter>External\cglm</Filter>
    </ClInclude>
    <ClInclude Include="..\external\cglm\frustum.h">
      <Filter>External\cglm</Filter>
    </ClInclude>
    <ClInclude Include="..\external\cglm\io.h">
      <Filter>External\cglm</Filter>
    </ClInclude>
    <ClInclude Include="..\external\cglm\mat2.h">
      <Filter>External\cglm</Filter>
    </ClInclude>
    <ClInclude Include="..\external\cglm\mat3.h">
      <Filter>External\cglm</Filter>
    </ClInclude>
    <ClInclude Include="..\external\cglm\mat4.h">
      <Filter>External\cglm</Filter>
    </ClInclude>
    <ClInclude Include="..\external\cglm\plane.h">
      <Filter>External\cglm</Filter>
    </ClInclude>
    <ClInclude Include="..\external\cglm\project.h">
      <Filter>External\cglm</Filter>
    </ClInclude>
    <ClInclude Include="..\external\cglm\quat.h">
      <Filter>External\cglm</Filter>
    </ClInclude>
    <ClInclude Include="..\external\cglm\ray.h">
      <Filter>External\cglm</Filter>
    </ClInclude>
    <ClInclude Include="..\external\cglm\sphere.h">
      <Filter>External\cglm</Filter>
    </ClInclude>
    <ClInclude Include="..\external\cglm\struct.h">
      <Filter>External\cglm</Filter>
    </ClInclude>
    <ClInclude Include="..\external\cglm\types.h">
      <Filter>External\cglm</Filter>
    </ClInclude>
    <ClInclude Include="..\external\cglm\types-struct.h">
      <Filter>External\cglm</Filter>
    </ClInclude>
    <ClInclude Include="..\external\cglm\util.h">
      <Filter>External\cglm</Filter>
    </ClInclude>
    <ClInclude Include="..\external\cglm\vec2.h">
      <Filter>External\cglm</Filter>
    </ClInclude>
    <ClInclude Include="..\external\cglm\vec2-ext.h">
      <Filter>External\cglm</Filter>
    </ClInclude>
    <ClInclude Include="..\external\cglm\vec3.h">
      <Filter>External\cglm</Filter>
    </ClInclude>
    <ClInclude Include="..\external\cglm\vec3-ext.h">
      <Filter>External\cglm</Filter>
    </ClInclude>
    <ClInclude Include="..\external\cglm\vec4.h">
      <Filter>External\cglm</Filter>
    </ClInclude>
    <ClInclude Include="..\external\cglm\vec4-ext.h">
      <Filter>External\cglm</Filter>
    </ClInclude>
    <ClInclude Include="..\external\cglm\version.h">
      <Filter>External\cglm</Filter>
    </ClInclude>
    <ClInclude Include="..\external\cglm\call\clipspace\ortho_lh_no.h">
      <Filter>External\cglm\call\clipspace</Filter>
    </ClInclude>
    <ClInclude Include="..\external\cglm\call\clipspace\ortho_lh_zo.h">
      <Filter>External\cglm\call\clipspace</Filter>
    </ClInclude>
    <ClInclude Include="..\external\cglm\call\clipspace\ortho_rh_no.h">
      <Filter>External\cglm\call\clipspace</Filter>
    </ClInclude>
    <ClInclude Include="..\external\cglm\call\clipspace\ortho_rh_zo.h">
      <Filter>External\cglm\call\clipspace</Filter>
    </ClInclude>
    <ClInclude Include="..\external\cglm\call\clipspace\persp_lh_no.h">
      <Filter>External\cglm\call\clipspace</Filter>
    </ClInclude>
    <ClInclude Include="..\external\cglm\call\clipspace\persp_lh_zo.h">
      <Filter>External\cglm\call\clipspace</Filter>
    </ClInclude>
    <ClInclude Include="..\external\cglm\call\clipspace\persp_rh_no.h">
      <Filter>External\cglm\call\clipspace</Filter>
    </ClInclude>
    <ClInclude Include="..\external\cglm\call\clipspace\persp_rh_zo.h">
      <Filter>External\cglm\call\clipspace</Filter>
    </ClInclude>
    <ClInclude Include="..\external\cglm\call\clipspace\project_no.h">
      <Filter>External\cglm\call\clipspace</Filter>
    </ClInclude>
    <ClInclude Include="..\external\cglm\call\clipspace\project_zo.h">
      <Filter>External\cglm\call\clipspace</Filter>
    </ClInclude>
    <ClInclude Include="..\external\cglm\call\clipspace\view_lh_no.h">
      <Filter>External\cglm\call\clipspace</Filter>
    </ClInclude>
    <ClInclude Include="..\external\cglm\call\clipspace\view_lh_zo.h">
      <Filter>External\cglm\call\clipspace</Filter>
    </ClInclude>
    <ClInclude Include="..\external\cglm\call\clipspace\view_rh_no.h">
      <Filter>External\cglm\call\clipspace</Filter>
    </ClInclude>
    <ClInclude Include="..\external\cglm\call\clipspace\view_rh_zo.h">
      <Filter>External\cglm\call\clipspace</Filter>
    </ClInclude>
    <ClInclude Include="..\external\cglm\call\affine.h">
      <Filter>External\cglm\call</Filter>
    </ClInclude>
    <ClInclude Include="..\external\cglm\call\affine2d.h">
      <Filter>External\cglm\call</Filter>
    </ClInclude>
    <ClInclude Include="..\external\cglm\call\bezier.h">
      <Filter>External\cglm\call</Filter>
    </ClInclude>
    <ClInclude Include="..\external\cglm\call\box.h">
      <Filter>External\cglm\call</Filter>
    </ClInclude>
    <ClInclude Include="..\external\cglm\call\cam.h">
      <Filter>External\cglm\call</Filter>
    </ClInclude>
    <ClInclude Include="..\external\cglm\call\curve.h">
      <Filter>External\cglm\call</Filter>
    </ClInclude>
    <ClInclude Include="..\external\cglm\call\ease.h">
      <Filter>External\cglm\call</Filter>
    </ClInclude>
    <ClInclude Include="..\external\cglm\call\euler.h">
      <Filter>External\cglm\call</Filter>
    </ClInclude>
    <ClInclude Include="..\external\cglm\call\frustum.h">
      <Filter>External\cglm\call</Filter>
    </ClInclude>
    <ClInclude Include="..\external\cglm\call\io.h">
      <Filter>External\cglm\call</Filter>
    </ClInclude>
    <ClInclude Include="..\external\cglm\call\mat2.h">
      <Filter>External\cglm\call</Filter>
    </ClInclude>
    <ClInclude Include="..\external\cglm\call\mat3.h">
      <Filter>External\cglm\call</Filter>
    </ClInclude>
    <ClInclude Include="..\external\cglm\call\mat4.h">
      <Filter>External\cglm\call</Filter>
    </ClInclude>
    <ClInclude Include="..\external\cglm\call\plane.h">
      <Filter>External\cglm\call</Filter>
    </ClInclude>
    <ClInclude Include="..\external\cglm\call\project.h">
      <Filter>External\cglm\call</Filter>
    </ClInclude>
    <ClInclude Include="..\external\cglm\call\quat.h">
      <Filter>External\cglm\call</Filter>
    </ClInclude>
    <ClInclude Include="..\external\cglm\call\ray.h">
      <Filter>External\cglm\call</Filter>
    </ClInclude>
    <ClInclude Include="..\external\cglm\call\sphere.h">
      <Filter>External\cglm\call</Filter>
    </ClInclude>
    <ClInclude Include="..\external\cglm\call\vec2.h">
      <Filter>External\cglm\call</Filter>
    </ClInclude>
    <ClInclude Include="..\external\cglm\call\vec3.h">
      <Filter>External\cglm\call</Filter>
    </ClInclude>
    <ClInclude Include="..\external\cglm\call\vec4.h">
      <Filter>External\cglm\call</Filter>
    </ClInclude>
    <ClInclude Include="..\external\cglm\clipspace\ortho_lh_no.h">
      <Filter>External\cglm\clipspace</Filter>
    </ClInclude>
    <ClInclude Include="..\external\cglm\clipspace\ortho_lh_zo.h">
      <Filter>External\cglm\clipspace</Filter>
    </ClInclude>
    <ClInclude Include="..\external\cglm\clipspace\ortho_rh_no.h">
      <Filter>External\cglm\clipspace</Filter>
    </ClInclude>
    <ClInclude Include="..\external\cglm\clipspace\ortho_rh_zo.h">
      <Filter>External\cglm\clipspace</Filter>
    </ClInclude>
    <ClInclude Include="..\external\cglm\clipspace\persp.h">
      <Filter>External\cglm\clipspace</Filter>
    </ClInclude>
    <ClInclude Include="..\external\cglm\clipspace\persp_lh_no.h">
      <Filter>External\cglm\clipspace</Filter>
    </ClInclude>
    <ClInclude Include="..\external\cglm\clipspace\persp_lh_zo.h">
      <Filter>External\cglm\clipspace</Filter>
    </ClInclude>
    <ClInclude Include="..\external\cglm\clipspace\persp_rh_no.h">
      <Filter>External\cglm\clipspace</Filter>
    </ClInclude>
    <ClInclude Include="..\external\cglm\clipspace\persp_rh_zo.h">
      <Filter>External\cglm\clipspace</Filter>
    </ClInclude>
    <ClInclude Include="..\external\cglm\clipspace\project_no.h">
      <Filter>External\cglm\clipspace</Filter>
    </ClInclude>
    <ClInclude Include="..\external\cglm\clipspace\project_zo.h">
      <Filter>External\cglm\clipspace</Filter>
    </ClInclude>
    <ClInclude Include="..\external\cglm\clipspace\view_lh.h">
      <Filter>External\cglm\clipspace</Filter>
    </ClInclude>
    <ClInclude Include="..\external\cglm\clipspace\view_lh_no.h">
      <Filter>External\cglm\clipspace</Filter>
    </ClInclude>
    <ClInclude Include="..\external\cglm\clipspace\view_lh_zo.h">
      <Filter>External\cglm\clipspace</Filter>
    </ClInclude>
    <ClInclude Include="..\external\cglm\clipspace\view_rh.h">
      <Filter>External\cglm\clipspace</Filter>
    </ClInclude>
    <ClInclude Include="..\external\cglm\clipspace\view_rh_no.h">
      <Filter>External\cglm\clipspace</Filter>
    </ClInclude>
    <ClInclude Include="..\external\cglm\clipspace\view_rh_zo.h">
      <Filter>External\cglm\clipspace</Filter>
    </ClInclude>
    <ClInclude Include="..\external\cglm\simd\arm.h">
      <Filter>External\cglm\simd</Filter>
    </ClInclude>
    <ClInclude Include="..\external\cglm\simd\intrin.h">
      <Filter>External\cglm\simd</Filter>
    </ClInclude>
    <ClInclude Include="..\external\cglm\simd\x86.h">
      <Filter>External\cglm\simd</Filter>
    </ClInclude>
    <ClInclude Include="..\external\cglm\simd\avx\affine.h">
      <Filter>External\cglm\simd\avx</Filter>
    </ClInclude>
    <ClInclude Include="..\external\cglm\simd\avx\mat4.h">
      <Filter>External\cglm\simd\avx</Filter>
    </ClInclude>
    <ClInclude Include="..\external\cglm\simd\neon\affine.h">
      <Filter>External\cglm\simd\neon</Filter>
    </ClInclude>
    <ClInclude Include="..\external\cglm\simd\neon\mat2.h">
      <Filter>External\cglm\simd\neon</Filter>
    </ClInclude>
    <ClInclude Include="..\external\cglm\simd\neon\mat4.h">
      <Filter>External\cglm\simd\neon</Filter>
    </ClInclude>
    <ClInclude Include="..\external\cglm\simd\neon\quat.h">
      <Filter>External\cglm\simd\neon</Filter>
    </ClInclude>
    <ClInclude Include="..\external\cglm\simd\sse2\affine.h">
      <Filter>External\cglm\simd\sse2</Filter>
    </ClInclude>
    <ClInclude Include="..\external\cglm\simd\sse2\mat2.h">
      <Filter>External\cglm\simd\sse2</Filter>
    </ClInclude>
    <ClInclude Include="..\external\cglm\simd\sse2\mat3.h">
      <Filter>External\cglm\simd\sse2</Filter>
    </ClInclude>
    <ClInclude Include="..\external\cglm\simd\sse2\mat4.h">
      <Filter>External\cglm\simd\sse2</Filter>
    </ClInclude>
    <ClInclude Include="..\external\cglm\simd\sse2\quat.h">
      <Filter>External\cglm\simd\sse2</Filter>
    </ClInclude>
    <ClInclude Include="..\external\cglm\struct\clipspace\ortho_lh_no.h">
      <Filter>External\cglm\struct\clipspace</Filter>
    </ClInclude>
    <ClInclude Include="..\external\cglm\struct\clipspace\ortho_lh_zo.h">
      <Filter>External\cglm\struct\clipspace</Filter>
    </ClInclude>
    <ClInclude Include="..\external\cglm\struct\clipspace\ortho_rh_no.h">
      <Filter>External\cglm\struct\clipspace</Filter>
    </ClInclude>
    <ClInclude Include="..\external\cglm\struct\clipspace\ortho_rh_zo.h">
      <Filter>External\cglm\struct\clipspace</Filter>
    </ClInclude>
    <ClInclude Include="..\external\cglm\struct\clipspace\persp_lh_no.h">
      <Filter>External\cglm\struct\clipspace</Filter>
    </ClInclude>
    <ClInclude Include="..\external\cglm\struct\clipspace\persp_lh_zo.h">
      <Filter>External\cglm\struct\clipspace</Filter>
    </ClInclude>
    <ClInclude Include="..\external\cglm\struct\clipspace\persp_rh_no.h">
      <Filter>External\cglm\struct\clipspace</Filter>
    </ClInclude>
    <ClInclude Include="..\external\cglm\struct\clipspace\persp_rh_zo.h">
      <Filter>External\cglm\struct\clipspace</Filter>
    </ClInclude>
    <ClInclude Include="..\external\cglm\struct\clipspace\view_lh_no.h">
      <Filter>External\cglm\struct\clipspace</Filter>
    </ClInclude>
    <ClInclude Include="..\external\cglm\struct\clipspace\view_lh_zo.h">
      <Filter>External\cglm\struct\clipspace</Filter>
    </ClInclude>
    <ClInclude Include="..\external\cglm\struct\clipspace\view_rh_no.h">
      <Filter>External\cglm\struct\clipspace</Filter>
    </ClInclude>
    <ClInclude Include="..\external\cglm\struct\clipspace\view_rh_zo.h">
      <Filter>External\cglm\struct\clipspace</Filter>
    </ClInclude>
    <ClInclude Include="..\external\cglm\struct\affine.h">
      <Filter>External\cglm\struct</Filter>
    </ClInclude>
    <ClInclude Include="..\external\cglm\struct\affine2d.h">
      <Filter>External\cglm\struct</Filter>
    </ClInclude>
    <ClInclude Include="..\external\cglm\struct\box.h">
      <Filter>External\cglm\struct</Filter>
    </ClInclude>
    <ClInclude Include="..\external\cglm\struct\cam.h">
      <Filter>External\cglm\struct</Filter>
    </ClInclude>
    <ClInclude Include="..\external\cglm\struct\color.h">
      <Filter>External\cglm\struct</Filter>
    </ClInclude>
    <ClInclude Include="..\external\cglm\struct\curve.h">
      <Filter>External\cglm\struct</Filter>
    </ClInclude>
    <ClInclude Include="..\external\cglm\struct\euler.h">
      <Filter>External\cglm\struct</Filter>
    </ClInclude>
    <ClInclude Include="..\external\cglm\struct\frustum.h">
      <Filter>External\cglm\struct</Filter>
    </ClInclude>
    <ClInclude Include="..\external\cglm\struct\io.h">
      <Filter>External\cglm\struct</Filter>
    </ClInclude>
    <ClInclude Include="..\external\cglm\struct\mat2.h">
      <Filter>External\cglm\struct</Filter>
    </ClInclude>
    <ClInclude Include="..\external\cglm\struct\mat3.h">
      <Filter>External\cglm\struct</Filter>
    </ClInclude>
    <ClInclude Include="..\external\cglm\struct\mat4.h">
      <Filter>External\cglm\struct</Filter>
    </ClInclude>
    <ClInclude Include="..\external\cglm\struct\plane.h">
      <Filter>External\cglm\struct</Filter>
    </ClInclude>
    <ClInclude Include="..\external\cglm\struct\project.h">
      <Filter>External\cglm\struct</Filter>
    </ClInclude>
    <ClInclude Include="..\external\cglm\struct\quat.h">
      <Filter>External\cglm\struct</Filter>
    </ClInclude>
    <ClInclude Include="..\external\cglm\struct\sphere.h">
      <Filter>External\cglm\struct</Filter>
    </ClInclude>
    <ClInclude Include="..\external\cglm\struct\vec2.h">
      <Filter>External\cglm\struct</Filter>
    </ClInclude>
    <ClInclude Include="..\external\cglm\struct\vec2-ext.h">
      <Filter>External\cglm\struct</Filter>
    </ClInclude>
    <ClInclude Include="..\external\cglm\struct\vec3.h">
      <Filter>External\cglm\struct</Filter>
    </ClInclude>
    <ClInclude Include="..\external\cglm\struct\vec3-ext.h">
      <Filter>External\cglm\struct</Filter>
    </ClInclude>
    <ClInclude Include="..\external\cglm\struct\vec4.h">
      <Filter>External\cglm\struct</Filter>
    </ClInclude>
    <ClInclude Include="..\external\cglm\struct\vec4-ext.h">
      <Filter>External\cglm\struct</Filter>
    </ClInclude>
    <ClInclude Include="Color.hpp">
      <Filter>Fichiers d%27en-tête</Filter>
    </ClInclude>
    <ClInclude Include="File.hpp">
      <Filter>Fichiers d%27en-tête</Filter>
    </ClInclude>
    <ClInclude Include="Gltf.hpp">
      <Filter>Fichiers d%27en-tête</Filter>
    </ClInclude>
    <ClInclude Include="..\external\json.hpp">
      <Filter>External</Filter>
    </ClInclude>
    <ClInclude Include="Process.hpp">
      <Filter>Fichiers d%27en-tête</Filter>
    </ClInclude>
    <ClInclude Include="ResourceManager.hpp">
      <Filter>Fichiers d%27en-tête</Filter>
    </ClInclude>
    <ClInclude Include="ServiceManager.hpp">
      <Filter>Fichiers d%27en-tête</Filter>
    </ClInclude>
    <ClInclude Include="Time.hpp">
      <Filter>Fichiers d%27en-tête</Filter>
    </ClInclude>
  </ItemGroup>
  <ItemGroup>
    <ClCompile Include="Log.cpp">
      <Filter>Fichiers sources</Filter>
    </ClCompile>
    <ClCompile Include="String.cpp">
      <Filter>Fichiers sources</Filter>
    </ClCompile>
    <ClCompile Include="Memory.cpp">
      <Filter>Fichiers sources</Filter>
    </ClCompile>
    <ClCompile Include="Bit.cpp">
      <Filter>Fichiers sources</Filter>
    </ClCompile>
    <ClCompile Include="..\external\tlsf.c">
      <Filter>External</Filter>
    </ClCompile>
    <ClCompile Include="..\external\imgui\imgui.cpp">
      <Filter>External\imgui</Filter>
    </ClCompile>
    <ClCompile Include="..\external\imgui\imgui_demo.cpp">
      <Filter>External\imgui</Filter>
    </ClCompile>
    <ClCompile Include="..\external\imgui\imgui_draw.cpp">
      <Filter>External\imgui</Filter>
    </ClCompile>
    <ClCompile Include="..\external\imgui\imgui_impl_sdl.cpp">
      <Filter>External\imgui</Filter>
    </ClCompile>
    <ClCompile Include="..\external\imgui\imgui_tables.cpp">
      <Filter>External\imgui</Filter>
    </ClCompile>
    <ClCompile Include="..\external\imgui\imgui_widgets.cpp">
      <Filter>External\imgui</Filter>
    </ClCompile>
    <ClCompile Include="..\external\imgui\TextEditor.cpp">
      <Filter>External\imgui</Filter>
    </ClCompile>
    <ClCompile Include="BlobSerialization.cpp">
      <Filter>Fichiers sources</Filter>
    </ClCompile>
    <ClCompile Include="DataStructures.cpp">
      <Filter>Fichiers sources</Filter>
    </ClCompile>
    <ClCompile Include="Numerics.cpp">
      <Filter>Fichiers sources</Filter>
    </ClCompile>
    <ClCompile Include="Camera.cpp">
      <Filter>Fichiers sources</Filter>
    </ClCompile>
    <ClCompile Include="Color.cpp">
      <Filter>Fichiers sources</Filter>
    </ClCompile>
    <ClCompile Include="File.cpp">
      <Filter>Fichiers sources</Filter>
    </ClCompile>
    <ClCompile Include="Gltf.cpp">
      <Filter>Fichiers sources</Filter>
    </ClCompile>
    <ClCompile Include="Process.cpp">
      <Filter>Fichiers sources</Filter>
    </ClCompile>
    <ClCompile Include="ResourceManager.cpp">
      <Filter>Fichiers sources</Filter>
    </ClCompile>
    <ClCompile Include="ServiceManager.cpp">
      <Filter>Fichiers sources</Filter>
    </ClCompile>
    <ClCompile Include="Time.cpp">
      <Filter>Fichiers sources</Filter>
    </ClCompile>
  </ItemGroup>
  <ItemGroup>
    <None Include="..\external\cglm\LICENSE">
      <Filter>External\cglm</Filter>
    </None>
  </ItemGroup>
</Project>